
Microsoft Visual Studio Solution File, Format Version 12.00
# Visual Studio 15
Project("{FAE04EC0-301F-11D3-BF4B-00C04F79EFBC}") = "SimpleWebTransport", "SimpleWebTransport.csproj", "{889BC3F5-0E6D-918E-292C-B02843CB3748}"
EndProject
Project("{FAE04EC0-301F-11D3-BF4B-00C04F79EFBC}") = "Mirror", "Mirror.csproj", "{3F8DA039-21AD-656F-6A9B-E6AF0429FD19}"
EndProject
Project("{FAE04EC0-301F-11D3-BF4B-00C04F79EFBC}") = "Telepathy", "Telepathy.csproj", "{FC57EBB3-2150-861B-1D1B-348AF3ECD8FA}"
EndProject
Project("{FAE04EC0-301F-11D3-BF4B-00C04F79EFBC}") = "Mirror.Cloud", "Mirror.Cloud.csproj", "{E0A9CC73-94D5-52A1-680E-F90E6DBD3B82}"
EndProject
Project("{FAE04EC0-301F-11D3-BF4B-00C04F79EFBC}") = "Mirror.Components", "Mirror.Components.csproj", "{9CF56E88-FD09-F0EB-4AAC-147F7D9CB640}"
EndProject
Project("{FAE04EC0-301F-11D3-BF4B-00C04F79EFBC}") = "Mirror.Examples", "Mirror.Examples.csproj", "{4B743D3D-3BEE-AD2C-4070-AAFF27BF72AE}"
EndProject
Project("{FAE04EC0-301F-11D3-BF4B-00C04F79EFBC}") = "Mirror.Examples.Cloud.GUI", "Mirror.Examples.Cloud.GUI.csproj", "{80C93263-C344-EA82-519B-E94199938D19}"
EndProject
Project("{FAE04EC0-301F-11D3-BF4B-00C04F79EFBC}") = "kcp2k", "kcp2k.csproj", "{58EDCC52-842A-F460-5D68-154638EE11DB}"
EndProject
Project("{FAE04EC0-301F-11D3-BF4B-00C04F79EFBC}") = "Mirror.Examples.Cloud.Pong", "Mirror.Examples.Cloud.Pong.csproj", "{12847A38-3771-26C4-5577-5649D16F42C1}"
EndProject
Project("{FAE04EC0-301F-11D3-BF4B-00C04F79EFBC}") = "Assembly-CSharp", "Assembly-CSharp.csproj", "{435E3CB8-49DA-0B71-0CE0-9493E6D0F750}"
EndProject
Project("{FAE04EC0-301F-11D3-BF4B-00C04F79EFBC}") = "Mirror.Authenticators", "Mirror.Authenticators.csproj", "{1D1470C6-0A9A-22ED-287F-128F680B6F58}"
EndProject
Project("{FAE04EC0-301F-11D3-BF4B-00C04F79EFBC}") = "Mirror.example.RigidbodyPhysics", "Mirror.example.RigidbodyPhysics.csproj", "{F6230F32-AB9D-606A-4BC5-774C70C33792}"
EndProject
Project("{FAE04EC0-301F-11D3-BF4B-00C04F79EFBC}") = "Mirror.Weaver", "Mirror.Weaver.csproj", "{0108875C-5AE2-696A-26FA-41612704F6AD}"
EndProject
Project("{FAE04EC0-301F-11D3-BF4B-00C04F79EFBC}") = "Mirror.Editor", "Mirror.Editor.csproj", "{5BACCB60-00D6-1A08-7895-BC8EE05CF989}"
EndProject
Project("{FAE04EC0-301F-11D3-BF4B-00C04F79EFBC}") = "Mirror.CompilerSymbols", "Mirror.CompilerSymbols.csproj", "{9E31F9A9-ABF0-CE81-8C74-9B61F138C3F7}"
EndProject
Global
	GlobalSection(SolutionConfigurationPlatforms) = preSolution
		Debug|Any CPU = Debug|Any CPU
		Release|Any CPU = Release|Any CPU
	EndGlobalSection
	GlobalSection(ProjectConfigurationPlatforms) = postSolution
		{889BC3F5-0E6D-918E-292C-B02843CB3748}.Debug|Any CPU.ActiveCfg = Debug|Any CPU
		{889BC3F5-0E6D-918E-292C-B02843CB3748}.Debug|Any CPU.Build.0 = Debug|Any CPU
		{889BC3F5-0E6D-918E-292C-B02843CB3748}.Release|Any CPU.ActiveCfg = Release|Any CPU
		{889BC3F5-0E6D-918E-292C-B02843CB3748}.Release|Any CPU.Build.0 = Release|Any CPU
		{3F8DA039-21AD-656F-6A9B-E6AF0429FD19}.Debug|Any CPU.ActiveCfg = Debug|Any CPU
		{3F8DA039-21AD-656F-6A9B-E6AF0429FD19}.Debug|Any CPU.Build.0 = Debug|Any CPU
		{3F8DA039-21AD-656F-6A9B-E6AF0429FD19}.Release|Any CPU.ActiveCfg = Release|Any CPU
		{3F8DA039-21AD-656F-6A9B-E6AF0429FD19}.Release|Any CPU.Build.0 = Release|Any CPU
		{FC57EBB3-2150-861B-1D1B-348AF3ECD8FA}.Debug|Any CPU.ActiveCfg = Debug|Any CPU
		{FC57EBB3-2150-861B-1D1B-348AF3ECD8FA}.Debug|Any CPU.Build.0 = Debug|Any CPU
		{FC57EBB3-2150-861B-1D1B-348AF3ECD8FA}.Release|Any CPU.ActiveCfg = Release|Any CPU
		{FC57EBB3-2150-861B-1D1B-348AF3ECD8FA}.Release|Any CPU.Build.0 = Release|Any CPU
		{E0A9CC73-94D5-52A1-680E-F90E6DBD3B82}.Debug|Any CPU.ActiveCfg = Debug|Any CPU
		{E0A9CC73-94D5-52A1-680E-F90E6DBD3B82}.Debug|Any CPU.Build.0 = Debug|Any CPU
		{E0A9CC73-94D5-52A1-680E-F90E6DBD3B82}.Release|Any CPU.ActiveCfg = Release|Any CPU
		{E0A9CC73-94D5-52A1-680E-F90E6DBD3B82}.Release|Any CPU.Build.0 = Release|Any CPU
		{9CF56E88-FD09-F0EB-4AAC-147F7D9CB640}.Debug|Any CPU.ActiveCfg = Debug|Any CPU
		{9CF56E88-FD09-F0EB-4AAC-147F7D9CB640}.Debug|Any CPU.Build.0 = Debug|Any CPU
		{9CF56E88-FD09-F0EB-4AAC-147F7D9CB640}.Release|Any CPU.ActiveCfg = Release|Any CPU
		{9CF56E88-FD09-F0EB-4AAC-147F7D9CB640}.Release|Any CPU.Build.0 = Release|Any CPU
		{4B743D3D-3BEE-AD2C-4070-AAFF27BF72AE}.Debug|Any CPU.ActiveCfg = Debug|Any CPU
		{4B743D3D-3BEE-AD2C-4070-AAFF27BF72AE}.Debug|Any CPU.Build.0 = Debug|Any CPU
		{4B743D3D-3BEE-AD2C-4070-AAFF27BF72AE}.Release|Any CPU.ActiveCfg = Release|Any CPU
		{4B743D3D-3BEE-AD2C-4070-AAFF27BF72AE}.Release|Any CPU.Build.0 = Release|Any CPU
		{80C93263-C344-EA82-519B-E94199938D19}.Debug|Any CPU.ActiveCfg = Debug|Any CPU
		{80C93263-C344-EA82-519B-E94199938D19}.Debug|Any CPU.Build.0 = Debug|Any CPU
		{80C93263-C344-EA82-519B-E94199938D19}.Release|Any CPU.ActiveCfg = Release|Any CPU
		{80C93263-C344-EA82-519B-E94199938D19}.Release|Any CPU.Build.0 = Release|Any CPU
		{58EDCC52-842A-F460-5D68-154638EE11DB}.Debug|Any CPU.ActiveCfg = Debug|Any CPU
		{58EDCC52-842A-F460-5D68-154638EE11DB}.Debug|Any CPU.Build.0 = Debug|Any CPU
		{58EDCC52-842A-F460-5D68-154638EE11DB}.Release|Any CPU.ActiveCfg = Release|Any CPU
		{58EDCC52-842A-F460-5D68-154638EE11DB}.Release|Any CPU.Build.0 = Release|Any CPU
		{12847A38-3771-26C4-5577-5649D16F42C1}.Debug|Any CPU.ActiveCfg = Debug|Any CPU
		{12847A38-3771-26C4-5577-5649D16F42C1}.Debug|Any CPU.Build.0 = Debug|Any CPU
		{12847A38-3771-26C4-5577-5649D16F42C1}.Release|Any CPU.ActiveCfg = Release|Any CPU
		{12847A38-3771-26C4-5577-5649D16F42C1}.Release|Any CPU.Build.0 = Release|Any CPU
		{435E3CB8-49DA-0B71-0CE0-9493E6D0F750}.Debug|Any CPU.ActiveCfg = Debug|Any CPU
		{435E3CB8-49DA-0B71-0CE0-9493E6D0F750}.Debug|Any CPU.Build.0 = Debug|Any CPU
		{435E3CB8-49DA-0B71-0CE0-9493E6D0F750}.Release|Any CPU.ActiveCfg = Release|Any CPU
		{435E3CB8-49DA-0B71-0CE0-9493E6D0F750}.Release|Any CPU.Build.0 = Release|Any CPU
		{1D1470C6-0A9A-22ED-287F-128F680B6F58}.Debug|Any CPU.ActiveCfg = Debug|Any CPU
		{1D1470C6-0A9A-22ED-287F-128F680B6F58}.Debug|Any CPU.Build.0 = Debug|Any CPU
		{1D1470C6-0A9A-22ED-287F-128F680B6F58}.Release|Any CPU.ActiveCfg = Release|Any CPU
		{1D1470C6-0A9A-22ED-287F-128F680B6F58}.Release|Any CPU.Build.0 = Release|Any CPU
		{F6230F32-AB9D-606A-4BC5-774C70C33792}.Debug|Any CPU.ActiveCfg = Debug|Any CPU
		{F6230F32-AB9D-606A-4BC5-774C70C33792}.Debug|Any CPU.Build.0 = Debug|Any CPU
		{F6230F32-AB9D-606A-4BC5-774C70C33792}.Release|Any CPU.ActiveCfg = Release|Any CPU
		{F6230F32-AB9D-606A-4BC5-774C70C33792}.Release|Any CPU.Build.0 = Release|Any CPU
		{0108875C-5AE2-696A-26FA-41612704F6AD}.Debug|Any CPU.ActiveCfg = Debug|Any CPU
		{0108875C-5AE2-696A-26FA-41612704F6AD}.Debug|Any CPU.Build.0 = Debug|Any CPU
		{0108875C-5AE2-696A-26FA-41612704F6AD}.Release|Any CPU.ActiveCfg = Release|Any CPU
		{0108875C-5AE2-696A-26FA-41612704F6AD}.Release|Any CPU.Build.0 = Release|Any CPU
		{5BACCB60-00D6-1A08-7895-BC8EE05CF989}.Debug|Any CPU.ActiveCfg = Debug|Any CPU
		{5BACCB60-00D6-1A08-7895-BC8EE05CF989}.Debug|Any CPU.Build.0 = Debug|Any CPU
		{5BACCB60-00D6-1A08-7895-BC8EE05CF989}.Release|Any CPU.ActiveCfg = Release|Any CPU
		{5BACCB60-00D6-1A08-7895-BC8EE05CF989}.Release|Any CPU.Build.0 = Release|Any CPU
		{9E31F9A9-ABF0-CE81-8C74-9B61F138C3F7}.Debug|Any CPU.ActiveCfg = Debug|Any CPU
		{9E31F9A9-ABF0-CE81-8C74-9B61F138C3F7}.Debug|Any CPU.Build.0 = Debug|Any CPU
		{9E31F9A9-ABF0-CE81-8C74-9B61F138C3F7}.Release|Any CPU.ActiveCfg = Release|Any CPU
		{9E31F9A9-ABF0-CE81-8C74-9B61F138C3F7}.Release|Any CPU.Build.0 = Release|Any CPU
	EndGlobalSection
	GlobalSection(SolutionProperties) = preSolution
		HideSolutionNode = FALSE
	EndGlobalSection
EndGlobal
